
Microsoft Visual Studio Solution File, Format Version 12.00
# Visual Studio Version 17
VisualStudioVersion = 17.0.31521.260
MinimumVisualStudioVersion = 10.0.40219.1
Project("{2150E333-8FDC-42A3-9474-1A3956D46DE8}") = "src", "src", "{08EC2305-90CC-41FA-8186-3C90E49AFC9F}"
EndProject
Project("{2150E333-8FDC-42A3-9474-1A3956D46DE8}") = "test", "test", "{E0C61335-F822-4CF9-A76A-AFEEEF652839}"
EndProject
Project("{2150E333-8FDC-42A3-9474-1A3956D46DE8}") = "BloomFilter", "BloomFilter", "{715862FA-0CC6-4551-B2E7-4E218AA78632}"
EndProject
Project("{2150E333-8FDC-42A3-9474-1A3956D46DE8}") = "JsonCleanse", "JsonCleanse", "{3F539EF8-CE13-44B6-AF50-B2FB599013E8}"
EndProject
Project("{2150E333-8FDC-42A3-9474-1A3956D46DE8}") = "src", "src", "{2596CBA1-8DA5-4E6C-AFE8-36C6A27DD197}"
EndProject
Project("{9A19103F-16F7-4668-BE54-9A1E7A4F7556}") = "FacuTheRock.Net.Algorithms.BloomFilter.Implementation", "BloomFilter\src\FacuTheRock.Net.Algorithms.BloomFilter.Implementation\FacuTheRock.Net.Algorithms.BloomFilter.Implementation.csproj", "{B92310DE-6D01-415A-B874-D65E51625208}"
EndProject
Project("{9A19103F-16F7-4668-BE54-9A1E7A4F7556}") = "FacuTheRock.Net.Algorithms.BloomFilter.Tests", "BloomFilter\test\FacuTheRock.Net.Algorithms.BloomFilter.Tests\FacuTheRock.Net.Algorithms.BloomFilter.Tests.csproj", "{74079E0B-DC39-410A-A7FC-6CFF4FC6DD44}"
EndProject
Project("{9A19103F-16F7-4668-BE54-9A1E7A4F7556}") = "FacuTheRock.Net.Algorithms.JsonCleanse.Implementation", "JsonCleanse\src\FacuTheRock.Net.Algorithms.JsonCleanse.Implementation\FacuTheRock.Net.Algorithms.JsonCleanse.Implementation.csproj", "{D03F9915-1AEF-4B87-9E53-A7B1F56D0E52}"
EndProject
Global
	GlobalSection(SolutionConfigurationPlatforms) = preSolution
		Debug|Any CPU = Debug|Any CPU
		Release|Any CPU = Release|Any CPU
	EndGlobalSection
	GlobalSection(ProjectConfigurationPlatforms) = postSolution
		{B92310DE-6D01-415A-B874-D65E51625208}.Debug|Any CPU.ActiveCfg = Debug|Any CPU
		{B92310DE-6D01-415A-B874-D65E51625208}.Debug|Any CPU.Build.0 = Debug|Any CPU
		{B92310DE-6D01-415A-B874-D65E51625208}.Release|Any CPU.ActiveCfg = Release|Any CPU
		{B92310DE-6D01-415A-B874-D65E51625208}.Release|Any CPU.Build.0 = Release|Any CPU
		{74079E0B-DC39-410A-A7FC-6CFF4FC6DD44}.Debug|Any CPU.ActiveCfg = Debug|Any CPU
		{74079E0B-DC39-410A-A7FC-6CFF4FC6DD44}.Debug|Any CPU.Build.0 = Debug|Any CPU
		{74079E0B-DC39-410A-A7FC-6CFF4FC6DD44}.Release|Any CPU.ActiveCfg = Release|Any CPU
		{74079E0B-DC39-410A-A7FC-6CFF4FC6DD44}.Release|Any CPU.Build.0 = Release|Any CPU
		{D03F9915-1AEF-4B87-9E53-A7B1F56D0E52}.Debug|Any CPU.ActiveCfg = Debug|Any CPU
		{D03F9915-1AEF-4B87-9E53-A7B1F56D0E52}.Debug|Any CPU.Build.0 = Debug|Any CPU
		{D03F9915-1AEF-4B87-9E53-A7B1F56D0E52}.Release|Any CPU.ActiveCfg = Release|Any CPU
		{D03F9915-1AEF-4B87-9E53-A7B1F56D0E52}.Release|Any CPU.Build.0 = Release|Any CPU
	EndGlobalSection
	GlobalSection(SolutionProperties) = preSolution
		HideSolutionNode = FALSE
	EndGlobalSection
	GlobalSection(NestedProjects) = preSolution
		{08EC2305-90CC-41FA-8186-3C90E49AFC9F} = {715862FA-0CC6-4551-B2E7-4E218AA78632}
		{E0C61335-F822-4CF9-A76A-AFEEEF652839} = {715862FA-0CC6-4551-B2E7-4E218AA78632}
		{2596CBA1-8DA5-4E6C-AFE8-36C6A27DD197} = {3F539EF8-CE13-44B6-AF50-B2FB599013E8}
		{B92310DE-6D01-415A-B874-D65E51625208} = {08EC2305-90CC-41FA-8186-3C90E49AFC9F}
		{74079E0B-DC39-410A-A7FC-6CFF4FC6DD44} = {E0C61335-F822-4CF9-A76A-AFEEEF652839}
		{D03F9915-1AEF-4B87-9E53-A7B1F56D0E52} = {2596CBA1-8DA5-4E6C-AFE8-36C6A27DD197}
	EndGlobalSection
	GlobalSection(ExtensibilityGlobals) = postSolution
		SolutionGuid = {404A44D5-D25E-4F3F-AEA2-1AFEBF9FFB4C}
	EndGlobalSection
EndGlobal
